Microsoft Visual Studio Solution File, Format Version 12.00
# Visual Studio Version 17
VisualStudioVersion = 17.0.31903.59
MinimumVisualStudioVersion = 10.0.40219.1
Project("{9A19103F-16F7-4668-BE54-9A1E7A4F7556}") = "server.rpc", "src\server.rpc\server.rpc.csproj", "{8ED042F8-BDBA-4881-80AA-CF01705C340A}"
EndProject
Project("{FAE04EC0-301F-11D3-BF4B-00C04F79EFBC}") = "client.rpc", "src\client.rpc\client.rpc.csproj", "{C3FEE489-BFFE-4EE5-8FFF-5E0118C799A2}"
EndProject
Global
	GlobalSection(SolutionConfigurationPlatforms) = preSolution
		Debug|Any CPU = Debug|Any CPU
		Release|Any CPU = Release|Any CPU
	EndGlobalSection
	GlobalSection(ProjectConfigurationPlatforms) = postSolution
		{8ED042F8-BDBA-4881-80AA-CF01705C340A}.Debug|Any CPU.ActiveCfg = Debug|Any CPU
		{8ED042F8-BDBA-4881-80AA-CF01705C340A}.Debug|Any CPU.Build.0 = Debug|Any CPU
		{8ED042F8-BDBA-4881-80AA-CF01705C340A}.Release|Any CPU.ActiveCfg = Release|Any CPU
		{8ED042F8-BDBA-4881-80AA-CF01705C340A}.Release|Any CPU.Build.0 = Release|Any CPU
		{C3FEE489-BFFE-4EE5-8FFF-5E0118C799A2}.Debug|Any CPU.ActiveCfg = Debug|Any CPU
		{C3FEE489-BFFE-4EE5-8FFF-5E0118C799A2}.Debug|Any CPU.Build.0 = Debug|Any CPU
		{C3FEE489-BFFE-4EE5-8FFF-5E0118C799A2}.Release|Any CPU.ActiveCfg = Release|Any CPU
		{C3FEE489-BFFE-4EE5-8FFF-5E0118C799A2}.Release|Any CPU.Build.0 = Release|Any CPU
	EndGlobalSection
	GlobalSection(SolutionProperties) = preSolution
		HideSolutionNode = FALSE
	EndGlobalSection
	GlobalSection(ExtensibilityGlobals) = postSolution
		SolutionGuid = {865C6D7F-19B9-4A89-B805-69A5600CFCE8}
	EndGlobalSection
EndGlobal
